
Microsoft Visual Studio Solution File, Format Version 12.00
# Visual Studio Version 17
VisualStudioVersion = 17.0.31903.59
MinimumVisualStudioVersion = 10.0.40219.1
Project("{2150E333-8FDC-42A3-9474-1A3956D46DE8}") = "Solution Items", "Solution Items", "{D318CAAA-6579-4869-BB97-004AC1C05926}"
	ProjectSection(SolutionItems) = preProject
		.editorconfig = .editorconfig
		.gitattributes = .gitattributes
		.gitignore = .gitignore
		Directory.Build.props = Directory.Build.props
		Directory.Packages.props = Directory.Packages.props
		Directory.Solution.props = Directory.Solution.props
		nuget.config = nuget.config
		README.md = README.md
	EndProjectSection
EndProject
Project("{FAE04EC0-301F-11D3-BF4B-00C04F79EFBC}") = "Defaults", "src\Defaults\Defaults.csproj", "{C9525AC4-A52E-4D52-A9A4-389D9FF6A1CE}"
EndProject
Project("{FAE04EC0-301F-11D3-BF4B-00C04F79EFBC}") = "Defaults.Tests.Integrations", "tests\Defaults.Tests.Integrations\Defaults.Tests.Integrations.csproj", "{7A7B8583-0494-496B-A63F-C0134194D633}"
EndProject
Global
	GlobalSection(SolutionConfigurationPlatforms) = preSolution
		Debug|Any CPU = Debug|Any CPU
		Release|Any CPU = Release|Any CPU
	EndGlobalSection
	GlobalSection(ProjectConfigurationPlatforms) = postSolution
		{C9525AC4-A52E-4D52-A9A4-389D9FF6A1CE}.Debug|Any CPU.ActiveCfg = Debug|Any CPU
		{C9525AC4-A52E-4D52-A9A4-389D9FF6A1CE}.Debug|Any CPU.Build.0 = Debug|Any CPU
		{C9525AC4-A52E-4D52-A9A4-389D9FF6A1CE}.Release|Any CPU.ActiveCfg = Release|Any CPU
		{C9525AC4-A52E-4D52-A9A4-389D9FF6A1CE}.Release|Any CPU.Build.0 = Release|Any CPU
		{7A7B8583-0494-496B-A63F-C0134194D633}.Debug|Any CPU.ActiveCfg = Debug|Any CPU
		{7A7B8583-0494-496B-A63F-C0134194D633}.Debug|Any CPU.Build.0 = Debug|Any CPU
		{7A7B8583-0494-496B-A63F-C0134194D633}.Release|Any CPU.ActiveCfg = Release|Any CPU
		{7A7B8583-0494-496B-A63F-C0134194D633}.Release|Any CPU.Build.0 = Release|Any CPU
	EndGlobalSection
	GlobalSection(SolutionProperties) = preSolution
		HideSolutionNode = FALSE
	EndGlobalSection
	GlobalSection(NestedProjects) = preSolution
	EndGlobalSection
EndGlobal
